<Solution>
  <Folder Name="/src/">
    <Project Path="src/UrlShortener.Api/UrlShortener.Api.csproj" Id="9ad91f89-a36a-4709-beb6-740c271e19cb" />
    <Project Path="src/UrlShortener.Application/UrlShortener.Application.csproj" Id="9ded416e-7b92-4e17-aeba-6b31b119bfd2" />
    <Project Path="src/UrlShortener.Domain/UrlShortener.Domain.csproj" Id="205144ac-d60f-4cbd-a243-4e1124fbb69f" />
    <Project Path="src/UrlShortener.Infrastructure/UrlShortener.Infrastructure.csproj" Id="a135be36-8826-4018-a3e1-8a64ed6179da" />
  </Folder>
  <Folder Name="/tests/">
    <Project Path="tests/UrlShortener.Application.Tests/UrlShortener.Application.Tests.csproj" Id="5171e9d1-8e0d-494e-b2d5-a88259a55dbd" />
    <Project Path="tests/UrlShortener.Domain.Tests/UrlShortener.Domain.Tests.csproj" Id="a0a793e6-e2b6-42b3-8453-6b4c4e0b374a" />
  </Folder>
</Solution>
